
Microsoft Visual Studio Solution File, Format Version 12.00
# Visual Studio Version 16
VisualStudioVersion = 16.0.30907.101
MinimumVisualStudioVersion = 10.0.40219.1
Project("{FAE04EC0-301F-11D3-BF4B-00C04F79EFBC}") = "API-Gateway", "API-Gateway\API-Gateway.csproj", "{2769A112-E7B0-481F-990E-37D93B36BB28}"
EndProject
Global
	GlobalSection(SolutionConfigurationPlatforms) = preSolution
		Debug|Any CPU = Debug|Any CPU
		Release|Any CPU = Release|Any CPU
	EndGlobalSection
	GlobalSection(ProjectConfigurationPlatforms) = postSolution
		{2769A112-E7B0-481F-990E-37D93B36BB28}.Debug|Any CPU.ActiveCfg = Debug|Any CPU
		{2769A112-E7B0-481F-990E-37D93B36BB28}.Debug|Any CPU.Build.0 = Debug|Any CPU
		{2769A112-E7B0-481F-990E-37D93B36BB28}.Release|Any CPU.ActiveCfg = Release|Any CPU
		{2769A112-E7B0-481F-990E-37D93B36BB28}.Release|Any CPU.Build.0 = Release|Any CPU
	EndGlobalSection
	GlobalSection(SolutionProperties) = preSolution
		HideSolutionNode = FALSE
	EndGlobalSection
	GlobalSection(ExtensibilityGlobals) = postSolution
		SolutionGuid = {AA67B8C5-6796-426B-B800-022DC082C186}
	EndGlobalSection
EndGlobal
